// !$*UTF8*$!
{
	archiveVersion = 1;
	classes = {
	};
	objectVersion = 46;
	objects = {

/* Begin PBXBuildFile section */
		9F9D507716C4E7AC00273143 /* MagicalImportFunctions.m in Sources */ = {isa = PBXBuildFile; fileRef = 9F9D503F16C4E7AB00273143 /* MagicalImportFunctions.m */; };
		9F9D507816C4E7AC00273143 /* NSAttributeDescription+MagicalDataImport.m in Sources */ = {isa = PBXBuildFile; fileRef = 9F9D504116C4E7AB00273143 /* NSAttributeDescription+MagicalDataImport.m */; };
		9F9D507916C4E7AC00273143 /* NSEntityDescription+MagicalDataImport.m in Sources */ = {isa = PBXBuildFile; fileRef = 9F9D504316C4E7AB00273143 /* NSEntityDescription+MagicalDataImport.m */; };
		9F9D507A16C4E7AC00273143 /* NSNumber+MagicalDataImport.m in Sources */ = {isa = PBXBuildFile; fileRef = 9F9D504516C4E7AB00273143 /* NSNumber+MagicalDataImport.m */; };
		9F9D507B16C4E7AC00273143 /* NSObject+MagicalDataImport.m in Sources */ = {isa = PBXBuildFile; fileRef = 9F9D504716C4E7AB00273143 /* NSObject+MagicalDataImport.m */; };
		9F9D507C16C4E7AC00273143 /* NSRelationshipDescription+MagicalDataImport.m in Sources */ = {isa = PBXBuildFile; fileRef = 9F9D504916C4E7AB00273143 /* NSRelationshipDescription+MagicalDataImport.m */; };
		9F9D507D16C4E7AC00273143 /* NSString+MagicalDataImport.m in Sources */ = {isa = PBXBuildFile; fileRef = 9F9D504B16C4E7AB00273143 /* NSString+MagicalDataImport.m */; };
		9F9D507E16C4E7AC00273143 /* NSManagedObject+MagicalAggregation.m in Sources */ = {isa = PBXBuildFile; fileRef = 9F9D504E16C4E7AB00273143 /* NSManagedObject+MagicalAggregation.m */; };
		9F9D507F16C4E7AC00273143 /* NSManagedObject+MagicalDataImport.m in Sources */ = {isa = PBXBuildFile; fileRef = 9F9D505016C4E7AB00273143 /* NSManagedObject+MagicalDataImport.m */; };
		9F9D508016C4E7AC00273143 /* NSManagedObject+MagicalFinders.m in Sources */ = {isa = PBXBuildFile; fileRef = 9F9D505216C4E7AB00273143 /* NSManagedObject+MagicalFinders.m */; };
		9F9D508116C4E7AC00273143 /* NSManagedObject+MagicalRecord.m in Sources */ = {isa = PBXBuildFile; fileRef = 9F9D505416C4E7AB00273143 /* NSManagedObject+MagicalRecord.m */; };
		9F9D508216C4E7AC00273143 /* NSManagedObject+MagicalRequests.m in Sources */ = {isa = PBXBuildFile; fileRef = 9F9D505616C4E7AB00273143 /* NSManagedObject+MagicalRequests.m */; };
		9F9D508316C4E7AC00273143 /* NSManagedObjectContext+MagicalObserving.m in Sources */ = {isa = PBXBuildFile; fileRef = 9F9D505916C4E7AB00273143 /* NSManagedObjectContext+MagicalObserving.m */; };
		9F9D508416C4E7AC00273143 /* NSManagedObjectContext+MagicalRecord.m in Sources */ = {isa = PBXBuildFile; fileRef = 9F9D505B16C4E7AB00273143 /* NSManagedObjectContext+MagicalRecord.m */; };
		9F9D508516C4E7AC00273143 /* NSManagedObjectContext+MagicalSaves.m in Sources */ = {isa = PBXBuildFile; fileRef = 9F9D505D16C4E7AB00273143 /* NSManagedObjectContext+MagicalSaves.m */; };
		9F9D508616C4E7AC00273143 /* NSManagedObjectContext+MagicalThreading.m in Sources */ = {isa = PBXBuildFile; fileRef = 9F9D505F16C4E7AB00273143 /* NSManagedObjectContext+MagicalThreading.m */; };
		9F9D508716C4E7AC00273143 /* NSManagedObjectModel+MagicalRecord.m in Sources */ = {isa = PBXBuildFile; fileRef = 9F9D506116C4E7AB00273143 /* NSManagedObjectModel+MagicalRecord.m */; };
		9F9D508816C4E7AC00273143 /* NSPersistentStore+MagicalRecord.m in Sources */ = {isa = PBXBuildFile; fileRef = 9F9D506316C4E7AB00273143 /* NSPersistentStore+MagicalRecord.m */; };
		9F9D508916C4E7AC00273143 /* NSPersistentStoreCoordinator+MagicalRecord.m in Sources */ = {isa = PBXBuildFile; fileRef = 9F9D506516C4E7AB00273143 /* NSPersistentStoreCoordinator+MagicalRecord.m */; };
		9F9D508A16C4E7AC00273143 /* MagicalRecord+Actions.m in Sources */ = {isa = PBXBuildFile; fileRef = 9F9D506816C4E7AB00273143 /* MagicalRecord+Actions.m */; };
		9F9D508B16C4E7AC00273143 /* MagicalRecord+ErrorHandling.m in Sources */ = {isa = PBXBuildFile; fileRef = 9F9D506A16C4E7AC00273143 /* MagicalRecord+ErrorHandling.m */; };
		9F9D508C16C4E7AC00273143 /* MagicalRecord+iCloud.m in Sources */ = {isa = PBXBuildFile; fileRef = 9F9D506C16C4E7AC00273143 /* MagicalRecord+iCloud.m */; };
		9F9D508D16C4E7AC00273143 /* MagicalRecord+Options.m in Sources */ = {isa = PBXBuildFile; fileRef = 9F9D506E16C4E7AC00273143 /* MagicalRecord+Options.m */; };
		9F9D508E16C4E7AC00273143 /* MagicalRecord+Setup.m in Sources */ = {isa = PBXBuildFile; fileRef = 9F9D507016C4E7AC00273143 /* MagicalRecord+Setup.m */; };
		9F9D508F16C4E7AC00273143 /* MagicalRecord+ShorthandSupport.m in Sources */ = {isa = PBXBuildFile; fileRef = 9F9D507216C4E7AC00273143 /* MagicalRecord+ShorthandSupport.m */; };
		9F9D509016C4E7AC00273143 /* MagicalRecord.m in Sources */ = {isa = PBXBuildFile; fileRef = 9F9D507416C4E7AC00273143 /* MagicalRecord.m */; };
		9F9D77AE16C35A8D001F9FD0 /* UIKit.framework in Frameworks */ = {isa = PBXBuildFile; fileRef = 9F9D77AD16C35A8D001F9FD0 /* UIKit.framework */; };
		9F9D77B016C35A8D001F9FD0 /* Foundation.framework in Frameworks */ = {isa = PBXBuildFile; fileRef = 9F9D77AF16C35A8D001F9FD0 /* Foundation.framework */; };
		9F9D77B216C35A8D001F9FD0 /* CoreGraphics.framework in Frameworks */ = {isa = PBXBuildFile; fileRef = 9F9D77B116C35A8D001F9FD0 /* CoreGraphics.framework */; };
		9F9D77B816C35A8D001F9FD0 /* InfoPlist.strings in Resources */ = {isa = PBXBuildFile; fileRef = 9F9D77B616C35A8D001F9FD0 /* InfoPlist.strings */; };
		9F9D77BA16C35A8D001F9FD0 /* main.m in Sources */ = {isa = PBXBuildFile; fileRef = 9F9D77B916C35A8D001F9FD0 /* main.m */; };
		9F9D77BE16C35A8D001F9FD0 /* AppDelegate.m in Sources */ = {isa = PBXBuildFile; fileRef = 9F9D77BD16C35A8D001F9FD0 /* AppDelegate.m */; };
		9F9D77C016C35A8D001F9FD0 /* Default.png in Resources */ = {isa = PBXBuildFile; fileRef = 9F9D77BF16C35A8D001F9FD0 /* Default.png */; };
		9F9D77C216C35A8D001F9FD0 /* Default@2x.png in Resources */ = {isa = PBXBuildFile; fileRef = 9F9D77C116C35A8D001F9FD0 /* Default@2x.png */; };
		9F9D77C416C35A8D001F9FD0 /* Default-568h@2x.png in Resources */ = {isa = PBXBuildFile; fileRef = 9F9D77C316C35A8D001F9FD0 /* Default-568h@2x.png */; };
		9F9D77E016C35F64001F9FD0 /* SalesViewController.m in Sources */ = {isa = PBXBuildFile; fileRef = 9F9D77DF16C35F64001F9FD0 /* SalesViewController.m */; };
		9F9D77E816C3671A001F9FD0 /* CoreData.framework in Frameworks */ = {isa = PBXBuildFile; fileRef = 9F9D77E716C3671A001F9FD0 /* CoreData.framework */; };
		9F9D77EB16C38BE3001F9FD0 /* Sale.xcdatamodeld in Sources */ = {isa = PBXBuildFile; fileRef = 9F9D77E916C38BE3001F9FD0 /* Sale.xcdatamodeld */; };
		9F9D77F116C38E4E001F9FD0 /* Record.m in Sources */ = {isa = PBXBuildFile; fileRef = 9F9D77F016C38E4E001F9FD0 /* Record.m */; };
		9F9D77F716C3A52F001F9FD0 /* RecordManager.m in Sources */ = {isa = PBXBuildFile; fileRef = 9F9D77F616C3A52F001F9FD0 /* RecordManager.m */; };
		9FA89EF016DDAEFB0042C505 /* Comment.m in Sources */ = {isa = PBXBuildFile; fileRef = 9FA89EEF16DDAEFB0042C505 /* Comment.m */; };
		9FA89EF316DDB0030042C505 /* ReviewViewController.m in Sources */ = {isa = PBXBuildFile; fileRef = 9FA89EF216DDB0030042C505 /* ReviewViewController.m */; };
		9FA89EF616DDCBD00042C505 /* ReviewManager.m in Sources */ = {isa = PBXBuildFile; fileRef = 9FA89EF516DDCBD00042C505 /* ReviewManager.m */; };
		9FA89EFB16DDF77D0042C505 /* DetailCommentViewController.m in Sources */ = {isa = PBXBuildFile; fileRef = 9FA89EFA16DDF77D0042C505 /* DetailCommentViewController.m */; };
		CD1ECD3416DE4763002687D6 /* comment@2x.png in Resources */ = {isa = PBXBuildFile; fileRef = CD1ECD3316DE4763002687D6 /* comment@2x.png */; };
		CD2AA0B716CA7E5600E6D8B3 /* CurrencyViewController.m in Sources */ = {isa = PBXBuildFile; fileRef = CD2AA0B616CA7E5600E6D8B3 /* CurrencyViewController.m */; };
		CD5230F716C7455C004ECCC8 /* country_names.plist in Resources */ = {isa = PBXBuildFile; fileRef = CD5230F616C7455C004ECCC8 /* country_names.plist */; };
		CD5230FA16C7C3E7004ECCC8 /* SaleCount.m in Sources */ = {isa = PBXBuildFile; fileRef = CD5230F916C7C3E7004ECCC8 /* SaleCount.m */; };
		CD6CB29C16C7DB1900A53219 /* SDGroupCell.m in Sources */ = {isa = PBXBuildFile; fileRef = CD6CB29216C7DB1900A53219 /* SDGroupCell.m */; };
		CD6CB29D16C7DB1900A53219 /* SDGroupCell.xib in Resources */ = {isa = PBXBuildFile; fileRef = CD6CB29316C7DB1900A53219 /* SDGroupCell.xib */; };
		CD6CB29E16C7DB1900A53219 /* SDNestedTableView.xib in Resources */ = {isa = PBXBuildFile; fileRef = CD6CB29416C7DB1900A53219 /* SDNestedTableView.xib */; };
		CD6CB29F16C7DB1900A53219 /* SDNestedTableViewController.m in Sources */ = {isa = PBXBuildFile; fileRef = CD6CB29616C7DB1900A53219 /* SDNestedTableViewController.m */; };
		CD6CB2A016C7DB1900A53219 /* SDSelectableCell.m in Sources */ = {isa = PBXBuildFile; fileRef = CD6CB29816C7DB1900A53219 /* SDSelectableCell.m */; };
		CD6CB2A116C7DB1900A53219 /* SDSubCell.m in Sources */ = {isa = PBXBuildFile; fileRef = CD6CB29A16C7DB1900A53219 /* SDSubCell.m */; };
		CD6CB2A216C7DB1900A53219 /* SDSubCell.xib in Resources */ = {isa = PBXBuildFile; fileRef = CD6CB29B16C7DB1900A53219 /* SDSubCell.xib */; };
		CD6CB2AD16C7E0A700A53219 /* blueLedBig.png in Resources */ = {isa = PBXBuildFile; fileRef = CD6CB2A416C7E0A700A53219 /* blueLedBig.png */; };
		CD6CB2AE16C7E0A700A53219 /* blueLedBig@2x.png in Resources */ = {isa = PBXBuildFile; fileRef = CD6CB2A516C7E0A700A53219 /* blueLedBig@2x.png */; };
		CD6CB2AF16C7E0A700A53219 /* blueLedBigOff.png in Resources */ = {isa = PBXBuildFile; fileRef = CD6CB2A616C7E0A700A53219 /* blueLedBigOff.png */; };
		CD6CB2B016C7E0A700A53219 /* blueLedSmall.png in Resources */ = {isa = PBXBuildFile; fileRef = CD6CB2A716C7E0A700A53219 /* blueLedSmall.png */; };
		CD6CB2B116C7E0A700A53219 /* blueLedSmall@2x.png in Resources */ = {isa = PBXBuildFile; fileRef = CD6CB2A816C7E0A700A53219 /* blueLedSmall@2x.png */; };
		CD6CB2B216C7E0A700A53219 /* blueLedSmallOff.png in Resources */ = {isa = PBXBuildFile; fileRef = CD6CB2A916C7E0A700A53219 /* blueLedSmallOff.png */; };
		CD6CB2B316C7E0A700A53219 /* blueLedSmallOff@2x.png in Resources */ = {isa = PBXBuildFile; fileRef = CD6CB2AA16C7E0A700A53219 /* blueLedSmallOff@2x.png */; };
		CD6CB2B416C7E0A700A53219 /* disclosure.png in Resources */ = {isa = PBXBuildFile; fileRef = CD6CB2AB16C7E0A700A53219 /* disclosure.png */; };
		CD6CB2B516C7E0A700A53219 /* disclosure@2x.png in Resources */ = {isa = PBXBuildFile; fileRef = CD6CB2AC16C7E0A700A53219 /* disclosure@2x.png */; };
		CD6CB2BA16C8926C00A53219 /* Util.m in Sources */ = {isa = PBXBuildFile; fileRef = CD6CB2B916C8926C00A53219 /* Util.m */; };
		CD6CB2BF16C8A83200A53219 /* WebBrowser.m in Sources */ = {isa = PBXBuildFile; fileRef = CD6CB2BD16C8A83100A53219 /* WebBrowser.m */; };
		CD6CB2C016C8A83200A53219 /* WebBrowser.xib in Resources */ = {isa = PBXBuildFile; fileRef = CD6CB2BE16C8A83100A53219 /* WebBrowser.xib */; };
		CD6CB2C616C8AF3B00A53219 /* back.png in Resources */ = {isa = PBXBuildFile; fileRef = CD6CB2C216C8AF3B00A53219 /* back.png */; };
		CD6CB2C716C8AF3B00A53219 /* back@2x.png in Resources */ = {isa = PBXBuildFile; fileRef = CD6CB2C316C8AF3B00A53219 /* back@2x.png */; };
		CD6CB2C816C8AF3B00A53219 /* forward.png in Resources */ = {isa = PBXBuildFile; fileRef = CD6CB2C416C8AF3B00A53219 /* forward.png */; };
		CD6CB2C916C8AF3B00A53219 /* forward@2x.png in Resources */ = {isa = PBXBuildFile; fileRef = CD6CB2C516C8AF3B00A53219 /* forward@2x.png */; };
		CD6CB2CC16C8C98200A53219 /* home.png in Resources */ = {isa = PBXBuildFile; fileRef = CD6CB2CA16C8C98200A53219 /* home.png */; };
		CD6CB2CD16C8C98200A53219 /* home@2x.png in Resources */ = {isa = PBXBuildFile; fileRef = CD6CB2CB16C8C98200A53219 /* home@2x.png */; };
		CD6CB2CF16C8CAFB00A53219 /* web@2x.png in Resources */ = {isa = PBXBuildFile; fileRef = CD6CB2CE16C8CAFB00A53219 /* web@2x.png */; };
		CD6CB2D116C8CBC300A53219 /* sale@2x.png in Resources */ = {isa = PBXBuildFile; fileRef = CD6CB2D016C8CBC300A53219 /* sale@2x.png */; };
		CD6CB2D316C8CCE100A53219 /* computer@2x.png in Resources */ = {isa = PBXBuildFile; fileRef = CD6CB2D216C8CCE100A53219 /* computer@2x.png */; };
		CD6CB2D616C8D55800A53219 /* Path.m in Sources */ = {isa = PBXBuildFile; fileRef = CD6CB2D516C8D55800A53219 /* Path.m */; };
		CD6CB2D916C8D75A00A53219 /* NSString+url.m in Sources */ = {isa = PBXBuildFile; fileRef = CD6CB2D816C8D75A00A53219 /* NSString+url.m */; };
		CD6CB2DC16C921D900A53219 /* CurrencyManager.m in Sources */ = {isa = PBXBuildFile; fileRef = CD6CB2DB16C921D800A53219 /* CurrencyManager.m */; };
		CD90B8E416C5FEA000A4F218 /* DailyViewController.m in Sources */ = {isa = PBXBuildFile; fileRef = CD90B8E316C5FEA000A4F218 /* DailyViewController.m */; };
		CD90B8E716C6337900A4F218 /* Query.m in Sources */ = {isa = PBXBuildFile; fileRef = CD90B8E616C6337900A4F218 /* Query.m */; };
		CD92453016E18C4A00277A17 /* ReviewCell.m in Sources */ = {isa = PBXBuildFile; fileRef = CD92452F16E18C4A00277A17 /* ReviewCell.m */; };
		CD92453316E18D3000277A17 /* ReviewCell.xib in Resources */ = {isa = PBXBuildFile; fileRef = CD92453216E18D3000277A17 /* ReviewCell.xib */; };
		CD92453616E1FBD000277A17 /* GTMNSString+HTML.m in Sources */ = {isa = PBXBuildFile; fileRef = CD92453516E1FBD000277A17 /* GTMNSString+HTML.m */; };
		CD96CDE116D070C4001EC47A /* MBProgressHUD.m in Sources */ = {isa = PBXBuildFile; fileRef = CD96CDE016D070C4001EC47A /* MBProgressHUD.m */; };
/* End PBXBuildFile section */

/* Begin PBXFileReference section */
		9F9D503E16C4E7AB00273143 /* MagicalImportFunctions.h */ = {isa = PBXFileReference; fileEncoding = 4; lastKnownFileType = sourcecode.c.h; path = MagicalImportFunctions.h; sourceTree = "<group>"; };
		9F9D503F16C4E7AB00273143 /* MagicalImportFunctions.m */ = {isa = PBXFileReference; fileEncoding = 4; lastKnownFileType = sourcecode.c.objc; path = MagicalImportFunctions.m; sourceTree = "<group>"; };
		9F9D504016C4E7AB00273143 /* NSAttributeDescription+MagicalDataImport.h */ = {isa = PBXFileReference; fileEncoding = 4; lastKnownFileType = sourcecode.c.h; path = "NSAttributeDescription+MagicalDataImport.h"; sourceTree = "<group>"; };
		9F9D504116C4E7AB00273143 /* NSAttributeDescription+MagicalDataImport.m */ = {isa = PBXFileReference; fileEncoding = 4; lastKnownFileType = sourcecode.c.objc; path = "NSAttributeDescription+MagicalDataImport.m"; sourceTree = "<group>"; };
		9F9D504216C4E7AB00273143 /* NSEntityDescription+MagicalDataImport.h */ = {isa = PBXFileReference; fileEncoding = 4; lastKnownFileType = sourcecode.c.h; path = "NSEntityDescription+MagicalDataImport.h"; sourceTree = "<group>"; };
		9F9D504316C4E7AB00273143 /* NSEntityDescription+MagicalDataImport.m */ = {isa = PBXFileReference; fileEncoding = 4; lastKnownFileType = sourcecode.c.objc; path = "NSEntityDescription+MagicalDataImport.m"; sourceTree = "<group>"; };
		9F9D504416C4E7AB00273143 /* NSNumber+MagicalDataImport.h */ = {isa = PBXFileReference; fileEncoding = 4; lastKnownFileType = sourcecode.c.h; path = "NSNumber+MagicalDataImport.h"; sourceTree = "<group>"; };
		9F9D504516C4E7AB00273143 /* NSNumber+MagicalDataImport.m */ = {isa = PBXFileReference; fileEncoding = 4; lastKnownFileType = sourcecode.c.objc; path = "NSNumber+MagicalDataImport.m"; sourceTree = "<group>"; };
		9F9D504616C4E7AB00273143 /* NSObject+MagicalDataImport.h */ = {isa = PBXFileReference; fileEncoding = 4; lastKnownFileType = sourcecode.c.h; path = "NSObject+MagicalDataImport.h"; sourceTree = "<group>"; };
		9F9D504716C4E7AB00273143 /* NSObject+MagicalDataImport.m */ = {isa = PBXFileReference; fileEncoding = 4; lastKnownFileType = sourcecode.c.objc; path = "NSObject+MagicalDataImport.m"; sourceTree = "<group>"; };
		9F9D504816C4E7AB00273143 /* NSRelationshipDescription+MagicalDataImport.h */ = {isa = PBXFileReference; fileEncoding = 4; lastKnownFileType = sourcecode.c.h; path = "NSRelationshipDescription+MagicalDataImport.h"; sourceTree = "<group>"; };
		9F9D504916C4E7AB00273143 /* NSRelationshipDescription+MagicalDataImport.m */ = {isa = PBXFileReference; fileEncoding = 4; lastKnownFileType = sourcecode.c.objc; path = "NSRelationshipDescription+MagicalDataImport.m"; sourceTree = "<group>"; };
		9F9D504A16C4E7AB00273143 /* NSString+MagicalDataImport.h */ = {isa = PBXFileReference; fileEncoding = 4; lastKnownFileType = sourcecode.c.h; path = "NSString+MagicalDataImport.h"; sourceTree = "<group>"; };
		9F9D504B16C4E7AB00273143 /* NSString+MagicalDataImport.m */ = {isa = PBXFileReference; fileEncoding = 4; lastKnownFileType = sourcecode.c.objc; path = "NSString+MagicalDataImport.m"; sourceTree = "<group>"; };
		9F9D504D16C4E7AB00273143 /* NSManagedObject+MagicalAggregation.h */ = {isa = PBXFileReference; fileEncoding = 4; lastKnownFileType = sourcecode.c.h; path = "NSManagedObject+MagicalAggregation.h"; sourceTree = "<group>"; };
		9F9D504E16C4E7AB00273143 /* NSManagedObject+MagicalAggregation.m */ = {isa = PBXFileReference; fileEncoding = 4; lastKnownFileType = sourcecode.c.objc; path = "NSManagedObject+MagicalAggregation.m"; sourceTree = "<group>"; };
		9F9D504F16C4E7AB00273143 /* NSManagedObject+MagicalDataImport.h */ = {isa = PBXFileReference; fileEncoding = 4; lastKnownFileType = sourcecode.c.h; path = "NSManagedObject+MagicalDataImport.h"; sourceTree = "<group>"; };
		9F9D505016C4E7AB00273143 /* NSManagedObject+MagicalDataImport.m */ = {isa = PBXFileReference; fileEncoding = 4; lastKnownFileType = sourcecode.c.objc; path = "NSManagedObject+MagicalDataImport.m"; sourceTree = "<group>"; };
		9F9D505116C4E7AB00273143 /* NSManagedObject+MagicalFinders.h */ = {isa = PBXFileReference; fileEncoding = 4; lastKnownFileType = sourcecode.c.h; path = "NSManagedObject+MagicalFinders.h"; sourceTree = "<group>"; };
		9F9D505216C4E7AB00273143 /* NSManagedObject+MagicalFinders.m */ = {isa = PBXFileReference; fileEncoding = 4; lastKnownFileType = sourcecode.c.objc; path = "NSManagedObject+MagicalFinders.m"; sourceTree = "<group>"; };
		9F9D505316C4E7AB00273143 /* NSManagedObject+MagicalRecord.h */ = {isa = PBXFileReference; fileEncoding = 4; lastKnownFileType = sourcecode.c.h; path = "NSManagedObject+MagicalRecord.h"; sourceTree = "<group>"; };
		9F9D505416C4E7AB00273143 /* NSManagedObject+MagicalRecord.m */ = {isa = PBXFileReference; fileEncoding = 4; lastKnownFileType = sourcecode.c.objc; path = "NSManagedObject+MagicalRecord.m"; sourceTree = "<group>"; };
		9F9D505516C4E7AB00273143 /* NSManagedObject+MagicalRequests.h */ = {isa = PBXFileReference; fileEncoding = 4; lastKnownFileType = sourcecode.c.h; path = "NSManagedObject+MagicalRequests.h"; sourceTree = "<group>"; };
		9F9D505616C4E7AB00273143 /* NSManagedObject+MagicalRequests.m */ = {isa = PBXFileReference; fileEncoding = 4; lastKnownFileType = sourcecode.c.objc; path = "NSManagedObject+MagicalRequests.m"; sourceTree = "<group>"; };
		9F9D505816C4E7AB00273143 /* NSManagedObjectContext+MagicalObserving.h */ = {isa = PBXFileReference; fileEncoding = 4; lastKnownFileType = sourcecode.c.h; path = "NSManagedObjectContext+MagicalObserving.h"; sourceTree = "<group>"; };
		9F9D505916C4E7AB00273143 /* NSManagedObjectContext+MagicalObserving.m */ = {isa = PBXFileReference; fileEncoding = 4; lastKnownFileType = sourcecode.c.objc; path = "NSManagedObjectContext+MagicalObserving.m"; sourceTree = "<group>"; };
		9F9D505A16C4E7AB00273143 /* NSManagedObjectContext+MagicalRecord.h */ = {isa = PBXFileReference; fileEncoding = 4; lastKnownFileType = sourcecode.c.h; path = "NSManagedObjectContext+MagicalRecord.h"; sourceTree = "<group>"; };
		9F9D505B16C4E7AB00273143 /* NSManagedObjectContext+MagicalRecord.m */ = {isa = PBXFileReference; fileEncoding = 4; lastKnownFileType = sourcecode.c.objc; path = "NSManagedObjectContext+MagicalRecord.m"; sourceTree = "<group>"; };
		9F9D505C16C4E7AB00273143 /* NSManagedObjectContext+MagicalSaves.h */ = {isa = PBXFileReference; fileEncoding = 4; lastKnownFileType = sourcecode.c.h; path = "NSManagedObjectContext+MagicalSaves.h"; sourceTree = "<group>"; };
		9F9D505D16C4E7AB00273143 /* NSManagedObjectContext+MagicalSaves.m */ = {isa = PBXFileReference; fileEncoding = 4; lastKnownFileType = sourcecode.c.objc; path = "NSManagedObjectContext+MagicalSaves.m"; sourceTree = "<group>"; };
		9F9D505E16C4E7AB00273143 /* NSManagedObjectContext+MagicalThreading.h */ = {isa = PBXFileReference; fileEncoding = 4; lastKnownFileType = sourcecode.c.h; path = "NSManagedObjectContext+MagicalThreading.h"; sourceTree = "<group>"; };
		9F9D505F16C4E7AB00273143 /* NSManagedObjectContext+MagicalThreading.m */ = {isa = PBXFileReference; fileEncoding = 4; lastKnownFileType = sourcecode.c.objc; path = "NSManagedObjectContext+MagicalThreading.m"; sourceTree = "<group>"; };
		9F9D506016C4E7AB00273143 /* NSManagedObjectModel+MagicalRecord.h */ = {isa = PBXFileReference; fileEncoding = 4; lastKnownFileType = sourcecode.c.h; path = "NSManagedObjectModel+MagicalRecord.h"; sourceTree = "<group>"; };
		9F9D506116C4E7AB00273143 /* NSManagedObjectModel+MagicalRecord.m */ = {isa = PBXFileReference; fileEncoding = 4; lastKnownFileType = sourcecode.c.objc; path = "NSManagedObjectModel+MagicalRecord.m"; sourceTree = "<group>"; };
		9F9D506216C4E7AB00273143 /* NSPersistentStore+MagicalRecord.h */ = {isa = PBXFileReference; fileEncoding = 4; lastKnownFileType = sourcecode.c.h; path = "NSPersistentStore+MagicalRecord.h"; sourceTree = "<group>"; };
		9F9D506316C4E7AB00273143 /* NSPersistentStore+MagicalRecord.m */ = {isa = PBXFileReference; fileEncoding = 4; lastKnownFileType = sourcecode.c.objc; path = "NSPersistentStore+MagicalRecord.m"; sourceTree = "<group>"; };
		9F9D506416C4E7AB00273143 /* NSPersistentStoreCoordinator+MagicalRecord.h */ = {isa = PBXFileReference; fileEncoding = 4; lastKnownFileType = sourcecode.c.h; path = "NSPersistentStoreCoordinator+MagicalRecord.h"; sourceTree = "<group>"; };
		9F9D506516C4E7AB00273143 /* NSPersistentStoreCoordinator+MagicalRecord.m */ = {isa = PBXFileReference; fileEncoding = 4; lastKnownFileType = sourcecode.c.objc; path = "NSPersistentStoreCoordinator+MagicalRecord.m"; sourceTree = "<group>"; };
		9F9D506716C4E7AB00273143 /* MagicalRecord+Actions.h */ = {isa = PBXFileReference; fileEncoding = 4; lastKnownFileType = sourcecode.c.h; path = "MagicalRecord+Actions.h"; sourceTree = "<group>"; };
		9F9D506816C4E7AB00273143 /* MagicalRecord+Actions.m */ = {isa = PBXFileReference; fileEncoding = 4; lastKnownFileType = sourcecode.c.objc; path = "MagicalRecord+Actions.m"; sourceTree = "<group>"; };
		9F9D506916C4E7AB00273143 /* MagicalRecord+ErrorHandling.h */ = {isa = PBXFileReference; fileEncoding = 4; lastKnownFileType = sourcecode.c.h; path = "MagicalRecord+ErrorHandling.h"; sourceTree = "<group>"; };
		9F9D506A16C4E7AC00273143 /* MagicalRecord+ErrorHandling.m */ = {isa = PBXFileReference; fileEncoding = 4; lastKnownFileType = sourcecode.c.objc; path = "MagicalRecord+ErrorHandling.m"; sourceTree = "<group>"; };
		9F9D506B16C4E7AC00273143 /* MagicalRecord+iCloud.h */ = {isa = PBXFileReference; fileEncoding = 4; lastKnownFileType = sourcecode.c.h; path = "MagicalRecord+iCloud.h"; sourceTree = "<group>"; };
		9F9D506C16C4E7AC00273143 /* MagicalRecord+iCloud.m */ = {isa = PBXFileReference; fileEncoding = 4; lastKnownFileType = sourcecode.c.objc; path = "MagicalRecord+iCloud.m"; sourceTree = "<group>"; };
		9F9D506D16C4E7AC00273143 /* MagicalRecord+Options.h */ = {isa = PBXFileReference; fileEncoding = 4; lastKnownFileType = sourcecode.c.h; path = "MagicalRecord+Options.h"; sourceTree = "<group>"; };
		9F9D506E16C4E7AC00273143 /* MagicalRecord+Options.m */ = {isa = PBXFileReference; fileEncoding = 4; lastKnownFileType = sourcecode.c.objc; path = "MagicalRecord+Options.m"; sourceTree = "<group>"; };
		9F9D506F16C4E7AC00273143 /* MagicalRecord+Setup.h */ = {isa = PBXFileReference; fileEncoding = 4; lastKnownFileType = sourcecode.c.h; path = "MagicalRecord+Setup.h"; sourceTree = "<group>"; };
		9F9D507016C4E7AC00273143 /* MagicalRecord+Setup.m */ = {isa = PBXFileReference; fileEncoding = 4; lastKnownFileType = sourcecode.c.objc; path = "MagicalRecord+Setup.m"; sourceTree = "<group>"; };
		9F9D507116C4E7AC00273143 /* MagicalRecord+ShorthandSupport.h */ = {isa = PBXFileReference; fileEncoding = 4; lastKnownFileType = sourcecode.c.h; path = "MagicalRecord+ShorthandSupport.h"; sourceTree = "<group>"; };
		9F9D507216C4E7AC00273143 /* MagicalRecord+ShorthandSupport.m */ = {isa = PBXFileReference; fileEncoding = 4; lastKnownFileType = sourcecode.c.objc; path = "MagicalRecord+ShorthandSupport.m"; sourceTree = "<group>"; };
		9F9D507316C4E7AC00273143 /* MagicalRecord.h */ = {isa = PBXFileReference; fileEncoding = 4; lastKnownFileType = sourcecode.c.h; path = MagicalRecord.h; sourceTree = "<group>"; };
		9F9D507416C4E7AC00273143 /* MagicalRecord.m */ = {isa = PBXFileReference; fileEncoding = 4; lastKnownFileType = sourcecode.c.objc; path = MagicalRecord.m; sourceTree = "<group>"; };
		9F9D507516C4E7AC00273143 /* MagicalRecordShorthand.h */ = {isa = PBXFileReference; fileEncoding = 4; lastKnownFileType = sourcecode.c.h; path = MagicalRecordShorthand.h; sourceTree = "<group>"; };
		9F9D507616C4E7AC00273143 /* CoreData+MagicalRecord.h */ = {isa = PBXFileReference; fileEncoding = 4; lastKnownFileType = sourcecode.c.h; path = "CoreData+MagicalRecord.h"; sourceTree = "<group>"; };
		9F9D77AA16C35A8D001F9FD0 /* Store.app */ = {isa = PBXFileReference; explicitFileType = wrapper.application; includeInIndex = 0; path = Store.app; sourceTree = BUILT_PRODUCTS_DIR; };
		9F9D77AD16C35A8D001F9FD0 /* UIKit.framework */ = {isa = PBXFileReference; lastKnownFileType = wrapper.framework; name = UIKit.framework; path = System/Library/Frameworks/UIKit.framework; sourceTree = SDKROOT; };
		9F9D77AF16C35A8D001F9FD0 /* Foundation.framework */ = {isa = PBXFileReference; lastKnownFileType = wrapper.framework; name = Foundation.framework; path = System/Library/Frameworks/Foundation.framework; sourceTree = SDKROOT; };
		9F9D77B116C35A8D001F9FD0 /* CoreGraphics.framework */ = {isa = PBXFileReference; lastKnownFileType = wrapper.framework; name = CoreGraphics.framework; path = System/Library/Frameworks/CoreGraphics.framework; sourceTree = SDKROOT; };
		9F9D77B516C35A8D001F9FD0 /* Store-Info.plist */ = {isa = PBXFileReference; lastKnownFileType = text.plist.xml; path = "Store-Info.plist"; sourceTree = "<group>"; };
		9F9D77B716C35A8D001F9FD0 /* en */ = {isa = PBXFileReference; lastKnownFileType = text.plist.strings; name = en; path = en.lproj/InfoPlist.strings; sourceTree = "<group>"; };
		9F9D77B916C35A8D001F9FD0 /* main.m */ = {isa = PBXFileReference; lastKnownFileType = sourcecode.c.objc; path = main.m; sourceTree = "<group>"; };
		9F9D77BB16C35A8D001F9FD0 /* Store-Prefix.pch */ = {isa = PBXFileReference; lastKnownFileType = sourcecode.c.h; path = "Store-Prefix.pch"; sourceTree = "<group>"; };
		9F9D77BC16C35A8D001F9FD0 /* AppDelegate.h */ = {isa = PBXFileReference; lastKnownFileType = sourcecode.c.h; path = AppDelegate.h; sourceTree = "<group>"; };
		9F9D77BD16C35A8D001F9FD0 /* AppDelegate.m */ = {isa = PBXFileReference; lastKnownFileType = sourcecode.c.objc; path = AppDelegate.m; sourceTree = "<group>"; };
		9F9D77BF16C35A8D001F9FD0 /* Default.png */ = {isa = PBXFileReference; lastKnownFileType = image.png; path = Default.png; sourceTree = "<group>"; };
		9F9D77C116C35A8D001F9FD0 /* Default@2x.png */ = {isa = PBXFileReference; lastKnownFileType = image.png; path = "Default@2x.png"; sourceTree = "<group>"; };
		9F9D77C316C35A8D001F9FD0 /* Default-568h@2x.png */ = {isa = PBXFileReference; lastKnownFileType = image.png; path = "Default-568h@2x.png"; sourceTree = "<group>"; };
		9F9D77DE16C35F64001F9FD0 /* SalesViewController.h */ = {isa = PBXFileReference; fileEncoding = 4; lastKnownFileType = sourcecode.c.h; path = SalesViewController.h; sourceTree = "<group>"; };
		9F9D77DF16C35F64001F9FD0 /* SalesViewController.m */ = {isa = PBXFileReference; fileEncoding = 4; lastKnownFileType = sourcecode.c.objc; path = SalesViewController.m; sourceTree = "<group>"; };
		9F9D77E716C3671A001F9FD0 /* CoreData.framework */ = {isa = PBXFileReference; lastKnownFileType = wrapper.framework; name = CoreData.framework; path = System/Library/Frameworks/CoreData.framework; sourceTree = SDKROOT; };
		9F9D77EA16C38BE3001F9FD0 /* Sale.xcdatamodel */ = {isa = PBXFileReference; lastKnownFileType = wrapper.xcdatamodel; path = Sale.xcdatamodel; sourceTree = "<group>"; };
		9F9D77EF16C38E4E001F9FD0 /* Record.h */ = {isa = PBXFileReference; fileEncoding = 4; lastKnownFileType = sourcecode.c.h; name = Record.h; path = Store/Record.h; sourceTree = "<group>"; };
		9F9D77F016C38E4E001F9FD0 /* Record.m */ = {isa = PBXFileReference; fileEncoding = 4; lastKnownFileType = sourcecode.c.objc; name = Record.m; path = Store/Record.m; sourceTree = "<group>"; };
		9F9D77F516C3A52F001F9FD0 /* RecordManager.h */ = {isa = PBXFileReference; fileEncoding = 4; lastKnownFileType = sourcecode.c.h; name = RecordManager.h; path = Store/RecordManager.h; sourceTree = "<group>"; };
		9F9D77F616C3A52F001F9FD0 /* RecordManager.m */ = {isa = PBXFileReference; fileEncoding = 4; lastKnownFileType = sourcecode.c.objc; name = RecordManager.m; path = Store/RecordManager.m; sourceTree = "<group>"; };
		9FA89EEE16DDAEFB0042C505 /* Comment.h */ = {isa = PBXFileReference; fileEncoding = 4; lastKnownFileType = sourcecode.c.h; name = Comment.h; path = Store/Comment.h; sourceTree = "<group>"; };
		9FA89EEF16DDAEFB0042C505 /* Comment.m */ = {isa = PBXFileReference; fileEncoding = 4; lastKnownFileType = sourcecode.c.objc; name = Comment.m; path = Store/Comment.m; sourceTree = "<group>"; };
		9FA89EF116DDB0030042C505 /* ReviewViewController.h */ = {isa = PBXFileReference; fileEncoding = 4; lastKnownFileType = sourcecode.c.h; path = ReviewViewController.h; sourceTree = "<group>"; };
		9FA89EF216DDB0030042C505 /* ReviewViewController.m */ = {isa = PBXFileReference; fileEncoding = 4; lastKnownFileType = sourcecode.c.objc; path = ReviewViewController.m; sourceTree = "<group>"; };
		9FA89EF416DDCBD00042C505 /* ReviewManager.h */ = {isa = PBXFileReference; fileEncoding = 4; lastKnownFileType = sourcecode.c.h; name = ReviewManager.h; path = Store/ReviewManager.h; sourceTree = "<group>"; };
		9FA89EF516DDCBD00042C505 /* ReviewManager.m */ = {isa = PBXFileReference; fileEncoding = 4; lastKnownFileType = sourcecode.c.objc; name = ReviewManager.m; path = Store/ReviewManager.m; sourceTree = "<group>"; };
		9FA89EF916DDF77D0042C505 /* DetailCommentViewController.h */ = {isa = PBXFileReference; fileEncoding = 4; lastKnownFileType = sourcecode.c.h; path = DetailCommentViewController.h; sourceTree = "<group>"; };
		9FA89EFA16DDF77D0042C505 /* DetailCommentViewController.m */ = {isa = PBXFileReference; fileEncoding = 4; lastKnownFileType = sourcecode.c.objc; path = DetailCommentViewController.m; sourceTree = "<group>"; };
		CD1ECD3316DE4763002687D6 /* comment@2x.png */ = {isa = PBXFileReference; lastKnownFileType = image.png; path = "comment@2x.png"; sourceTree = "<group>"; };
		CD2AA0B516CA7E5600E6D8B3 /* CurrencyViewController.h */ = {isa = PBXFileReference; fileEncoding = 4; lastKnownFileType = sourcecode.c.h; path = CurrencyViewController.h; sourceTree = "<group>"; };
		CD2AA0B616CA7E5600E6D8B3 /* CurrencyViewController.m */ = {isa = PBXFileReference; fileEncoding = 4; lastKnownFileType = sourcecode.c.objc; path = CurrencyViewController.m; sourceTree = "<group>"; };
		CD5230F616C7455C004ECCC8 /* country_names.plist */ = {isa = PBXFileReference; fileEncoding = 4; lastKnownFileType = text.plist.xml; path = country_names.plist; sourceTree = "<group>"; };
		CD5230F816C7C3E7004ECCC8 /* SaleCount.h */ = {isa = PBXFileReference; fileEncoding = 4; lastKnownFileType = sourcecode.c.h; name = SaleCount.h; path = Store/SaleCount.h; sourceTree = "<group>"; };
		CD5230F916C7C3E7004ECCC8 /* SaleCount.m */ = {isa = PBXFileReference; fileEncoding = 4; lastKnownFileType = sourcecode.c.objc; name = SaleCount.m; path = Store/SaleCount.m; sourceTree = "<group>"; };
		CD6CB29116C7DB1900A53219 /* SDGroupCell.h */ = {isa = PBXFileReference; fileEncoding = 4; lastKnownFileType = sourcecode.c.h; path = SDGroupCell.h; sourceTree = "<group>"; };
		CD6CB29216C7DB1900A53219 /* SDGroupCell.m */ = {isa = PBXFileReference; fileEncoding = 4; lastKnownFileType = sourcecode.c.objc; path = SDGroupCell.m; sourceTree = "<group>"; };
		CD6CB29316C7DB1900A53219 /* SDGroupCell.xib */ = {isa = PBXFileReference; fileEncoding = 4; lastKnownFileType = file.xib; path = SDGroupCell.xib; sourceTree = "<group>"; };
		CD6CB29416C7DB1900A53219 /* SDNestedTableView.xib */ = {isa = PBXFileReference; fileEncoding = 4; lastKnownFileType = file.xib; path = SDNestedTableView.xib; sourceTree = "<group>"; };
		CD6CB29516C7DB1900A53219 /* SDNestedTableViewController.h */ = {isa = PBXFileReference; fileEncoding = 4; lastKnownFileType = sourcecode.c.h; path = SDNestedTableViewController.h; sourceTree = "<group>"; };
		CD6CB29616C7DB1900A53219 /* SDNestedTableViewController.m */ = {isa = PBXFileReference; fileEncoding = 4; lastKnownFileType = sourcecode.c.objc; path = SDNestedTableViewController.m; sourceTree = "<group>"; };
		CD6CB29716C7DB1900A53219 /* SDSelectableCell.h */ = {isa = PBXFileReference; fileEncoding = 4; lastKnownFileType = sourcecode.c.h; path = SDSelectableCell.h; sourceTree = "<group>"; };
		CD6CB29816C7DB1900A53219 /* SDSelectableCell.m */ = {isa = PBXFileReference; fileEncoding = 4; lastKnownFileType = sourcecode.c.objc; path = SDSelectableCell.m; sourceTree = "<group>"; };
		CD6CB29916C7DB1900A53219 /* SDSubCell.h */ = {isa = PBXFileReference; fileEncoding = 4; lastKnownFileType = sourcecode.c.h; path = SDSubCell.h; sourceTree = "<group>"; };
		CD6CB29A16C7DB1900A53219 /* SDSubCell.m */ = {isa = PBXFileReference; fileEncoding = 4; lastKnownFileType = sourcecode.c.objc; path = SDSubCell.m; sourceTree = "<group>"; };
		CD6CB29B16C7DB1900A53219 /* SDSubCell.xib */ = {isa = PBXFileReference; fileEncoding = 4; lastKnownFileType = file.xib; path = SDSubCell.xib; sourceTree = "<group>"; };
		CD6CB2A416C7E0A700A53219 /* blueLedBig.png */ = {isa = PBXFileReference; lastKnownFileType = image.png; path = blueLedBig.png; sourceTree = "<group>"; };
		CD6CB2A516C7E0A700A53219 /* blueLedBig@2x.png */ = {isa = PBXFileReference; lastKnownFileType = image.png; path = "blueLedBig@2x.png"; sourceTree = "<group>"; };
		CD6CB2A616C7E0A700A53219 /* blueLedBigOff.png */ = {isa = PBXFileReference; lastKnownFileType = image.png; path = blueLedBigOff.png; sourceTree = "<group>"; };
		CD6CB2A716C7E0A700A53219 /* blueLedSmall.png */ = {isa = PBXFileReference; lastKnownFileType = image.png; path = blueLedSmall.png; sourceTree = "<group>"; };
		CD6CB2A816C7E0A700A53219 /* blueLedSmall@2x.png */ = {isa = PBXFileReference; lastKnownFileType = image.png; path = "blueLedSmall@2x.png"; sourceTree = "<group>"; };
		CD6CB2A916C7E0A700A53219 /* blueLedSmallOff.png */ = {isa = PBXFileReference; lastKnownFileType = image.png; path = blueLedSmallOff.png; sourceTree = "<group>"; };
		CD6CB2AA16C7E0A700A53219 /* blueLedSmallOff@2x.png */ = {isa = PBXFileReference; lastKnownFileType = image.png; path = "blueLedSmallOff@2x.png"; sourceTree = "<group>"; };
		CD6CB2AB16C7E0A700A53219 /* disclosure.png */ = {isa = PBXFileReference; lastKnownFileType = image.png; path = disclosure.png; sourceTree = "<group>"; };
		CD6CB2AC16C7E0A700A53219 /* disclosure@2x.png */ = {isa = PBXFileReference; lastKnownFileType = image.png; path = "disclosure@2x.png"; sourceTree = "<group>"; };
		CD6CB2B816C8926B00A53219 /* Util.h */ = {isa = PBXFileReference; fileEncoding = 4; lastKnownFileType = sourcecode.c.h; path = Util.h; sourceTree = "<group>"; };
		CD6CB2B916C8926C00A53219 /* Util.m */ = {isa = PBXFileReference; fileEncoding = 4; lastKnownFileType = sourcecode.c.objc; path = Util.m; sourceTree = "<group>"; };
		CD6CB2BC16C8A83000A53219 /* WebBrowser.h */ = {isa = PBXFileReference; fileEncoding = 4; lastKnownFileType = sourcecode.c.h; path = WebBrowser.h; sourceTree = "<group>"; };
		CD6CB2BD16C8A83100A53219 /* WebBrowser.m */ = {isa = PBXFileReference; fileEncoding = 4; lastKnownFileType = sourcecode.c.objc; path = WebBrowser.m; sourceTree = "<group>"; };
		CD6CB2BE16C8A83100A53219 /* WebBrowser.xib */ = {isa = PBXFileReference; fileEncoding = 4; lastKnownFileType = file.xib; path = WebBrowser.xib; sourceTree = "<group>"; };
		CD6CB2C216C8AF3B00A53219 /* back.png */ = {isa = PBXFileReference; lastKnownFileType = image.png; path = back.png; sourceTree = "<group>"; };
		CD6CB2C316C8AF3B00A53219 /* back@2x.png */ = {isa = PBXFileReference; lastKnownFileType = image.png; path = "back@2x.png"; sourceTree = "<group>"; };
		CD6CB2C416C8AF3B00A53219 /* forward.png */ = {isa = PBXFileReference; lastKnownFileType = image.png; path = forward.png; sourceTree = "<group>"; };
		CD6CB2C516C8AF3B00A53219 /* forward@2x.png */ = {isa = PBXFileReference; lastKnownFileType = image.png; path = "forward@2x.png"; sourceTree = "<group>"; };
		CD6CB2CA16C8C98200A53219 /* home.png */ = {isa = PBXFileReference; lastKnownFileType = image.png; path = home.png; sourceTree = "<group>"; };
		CD6CB2CB16C8C98200A53219 /* home@2x.png */ = {isa = PBXFileReference; lastKnownFileType = image.png; path = "home@2x.png"; sourceTree = "<group>"; };
		CD6CB2CE16C8CAFB00A53219 /* web@2x.png */ = {isa = PBXFileReference; lastKnownFileType = image.png; path = "web@2x.png"; sourceTree = "<group>"; };
		CD6CB2D016C8CBC300A53219 /* sale@2x.png */ = {isa = PBXFileReference; lastKnownFileType = image.png; path = "sale@2x.png"; sourceTree = "<group>"; };
		CD6CB2D216C8CCE100A53219 /* computer@2x.png */ = {isa = PBXFileReference; lastKnownFileType = image.png; path = "computer@2x.png"; sourceTree = "<group>"; };
		CD6CB2D416C8D55800A53219 /* Path.h */ = {isa = PBXFileReference; fileEncoding = 4; lastKnownFileType = sourcecode.c.h; path = Path.h; sourceTree = "<group>"; };
		CD6CB2D516C8D55800A53219 /* Path.m */ = {isa = PBXFileReference; fileEncoding = 4; lastKnownFileType = sourcecode.c.objc; path = Path.m; sourceTree = "<group>"; };
		CD6CB2D716C8D75900A53219 /* NSString+url.h */ = {isa = PBXFileReference; fileEncoding = 4; lastKnownFileType = sourcecode.c.h; path = "NSString+url.h"; sourceTree = "<group>"; };
		CD6CB2D816C8D75A00A53219 /* NSString+url.m */ = {isa = PBXFileReference; fileEncoding = 4; lastKnownFileType = sourcecode.c.objc; path = "NSString+url.m"; sourceTree = "<group>"; };
		CD6CB2DA16C921D700A53219 /* CurrencyManager.h */ = {isa = PBXFileReference; fileEncoding = 4; lastKnownFileType = sourcecode.c.h; path = CurrencyManager.h; sourceTree = "<group>"; };
		CD6CB2DB16C921D800A53219 /* CurrencyManager.m */ = {isa = PBXFileReference; fileEncoding = 4; lastKnownFileType = sourcecode.c.objc; path = CurrencyManager.m; sourceTree = "<group>"; };
		CD90B8E216C5FEA000A4F218 /* DailyViewController.h */ = {isa = PBXFileReference; fileEncoding = 4; lastKnownFileType = sourcecode.c.h; path = DailyViewController.h; sourceTree = "<group>"; };
		CD90B8E316C5FEA000A4F218 /* DailyViewController.m */ = {isa = PBXFileReference; fileEncoding = 4; lastKnownFileType = sourcecode.c.objc; path = DailyViewController.m; sourceTree = "<group>"; };
		CD90B8E516C6337900A4F218 /* Query.h */ = {isa = PBXFileReference; fileEncoding = 4; lastKnownFileType = sourcecode.c.h; name = Query.h; path = Store/Query.h; sourceTree = "<group>"; };
		CD90B8E616C6337900A4F218 /* Query.m */ = {isa = PBXFileReference; fileEncoding = 4; lastKnownFileType = sourcecode.c.objc; name = Query.m; path = Store/Query.m; sourceTree = "<group>"; };
		CD92452E16E18C4A00277A17 /* ReviewCell.h */ = {isa = PBXFileReference; fileEncoding = 4; lastKnownFileType = sourcecode.c.h; name = ReviewCell.h; path = Store/ReviewCell.h; sourceTree = "<group>"; };
		CD92452F16E18C4A00277A17 /* ReviewCell.m */ = {isa = PBXFileReference; fileEncoding = 4; lastKnownFileType = sourcecode.c.objc; name = ReviewCell.m; path = Store/ReviewCell.m; sourceTree = "<group>"; };
		CD92453216E18D3000277A17 /* ReviewCell.xib */ = {isa = PBXFileReference; fileEncoding = 4; lastKnownFileType = file.xib; path = ReviewCell.xib; sourceTree = "<group>"; };
		CD92453416E1FBD000277A17 /* GTMNSString+HTML.h */ = {isa = PBXFileReference; fileEncoding = 4; lastKnownFileType = sourcecode.c.h; path = "GTMNSString+HTML.h"; sourceTree = "<group>"; };
		CD92453516E1FBD000277A17 /* GTMNSString+HTML.m */ = {isa = PBXFileReference; fileEncoding = 4; lastKnownFileType = sourcecode.c.objc; path = "GTMNSString+HTML.m"; sourceTree = "<group>"; };
		CD96CDDF16D070C4001EC47A /* MBProgressHUD.h */ = {isa = PBXFileReference; fileEncoding = 4; lastKnownFileType = sourcecode.c.h; path = MBProgressHUD.h; sourceTree = "<group>"; };
		CD96CDE016D070C4001EC47A /* MBProgressHUD.m */ = {isa = PBXFileReference; fileEncoding = 4; lastKnownFileType = sourcecode.c.objc; path = MBProgressHUD.m; sourceTree = "<group>"; };
/* End PBXFileReference section */

/* Begin PBXFrameworksBuildPhase section */
		9F9D77A716C35A8D001F9FD0 /* Frameworks */ = {
			isa = PBXFrameworksBuildPhase;
			buildActionMask = 2147483647;
			files = (
				9F9D77E816C3671A001F9FD0 /* CoreData.framework in Frameworks */,
				9F9D77AE16C35A8D001F9FD0 /* UIKit.framework in Frameworks */,
				9F9D77B016C35A8D001F9FD0 /* Foundation.framework in Frameworks */,
				9F9D77B216C35A8D001F9FD0 /* CoreGraphics.framework in Frameworks */,
			);
			runOnlyForDeploymentPostprocessing = 0;
		};
/* End PBXFrameworksBuildPhase section */

/* Begin PBXGroup section */
		9F9D503B16C4E7AB00273143 /* MagicalRecord */ = {
			isa = PBXGroup;
			children = (
				9F9D503C16C4E7AB00273143 /* Categories */,
				9F9D506616C4E7AB00273143 /* Core */,
				9F9D507616C4E7AC00273143 /* CoreData+MagicalRecord.h */,
			);
			path = MagicalRecord;
			sourceTree = "<group>";
		};
		9F9D503C16C4E7AB00273143 /* Categories */ = {
			isa = PBXGroup;
			children = (
				9F9D503D16C4E7AB00273143 /* DataImport */,
				9F9D504C16C4E7AB00273143 /* NSManagedObject */,
				9F9D505716C4E7AB00273143 /* NSManagedObjectContext */,
				9F9D506016C4E7AB00273143 /* NSManagedObjectModel+MagicalRecord.h */,
				9F9D506116C4E7AB00273143 /* NSManagedObjectModel+MagicalRecord.m */,
				9F9D506216C4E7AB00273143 /* NSPersistentStore+MagicalRecord.h */,
				9F9D506316C4E7AB00273143 /* NSPersistentStore+MagicalRecord.m */,
				9F9D506416C4E7AB00273143 /* NSPersistentStoreCoordinator+MagicalRecord.h */,
				9F9D506516C4E7AB00273143 /* NSPersistentStoreCoordinator+MagicalRecord.m */,
			);
			path = Categories;
			sourceTree = "<group>";
		};
		9F9D503D16C4E7AB00273143 /* DataImport */ = {
			isa = PBXGroup;
			children = (
				9F9D503E16C4E7AB00273143 /* MagicalImportFunctions.h */,
				9F9D503F16C4E7AB00273143 /* MagicalImportFunctions.m */,
				9F9D504016C4E7AB00273143 /* NSAttributeDescription+MagicalDataImport.h */,
				9F9D504116C4E7AB00273143 /* NSAttributeDescription+MagicalDataImport.m */,
				9F9D504216C4E7AB00273143 /* NSEntityDescription+MagicalDataImport.h */,
				9F9D504316C4E7AB00273143 /* NSEntityDescription+MagicalDataImport.m */,
				9F9D504416C4E7AB00273143 /* NSNumber+MagicalDataImport.h */,
				9F9D504516C4E7AB00273143 /* NSNumber+MagicalDataImport.m */,
				9F9D504616C4E7AB00273143 /* NSObject+MagicalDataImport.h */,
				9F9D504716C4E7AB00273143 /* NSObject+MagicalDataImport.m */,
				9F9D504816C4E7AB00273143 /* NSRelationshipDescription+MagicalDataImport.h */,
				9F9D504916C4E7AB00273143 /* NSRelationshipDescription+MagicalDataImport.m */,
				9F9D504A16C4E7AB00273143 /* NSString+MagicalDataImport.h */,
				9F9D504B16C4E7AB00273143 /* NSString+MagicalDataImport.m */,
			);
			path = DataImport;
			sourceTree = "<group>";
		};
		9F9D504C16C4E7AB00273143 /* NSManagedObject */ = {
			isa = PBXGroup;
			children = (
				9F9D504D16C4E7AB00273143 /* NSManagedObject+MagicalAggregation.h */,
				9F9D504E16C4E7AB00273143 /* NSManagedObject+MagicalAggregation.m */,
				9F9D504F16C4E7AB00273143 /* NSManagedObject+MagicalDataImport.h */,
				9F9D505016C4E7AB00273143 /* NSManagedObject+MagicalDataImport.m */,
				9F9D505116C4E7AB00273143 /* NSManagedObject+MagicalFinders.h */,
				9F9D505216C4E7AB00273143 /* NSManagedObject+MagicalFinders.m */,
				9F9D505316C4E7AB00273143 /* NSManagedObject+MagicalRecord.h */,
				9F9D505416C4E7AB00273143 /* NSManagedObject+MagicalRecord.m */,
				9F9D505516C4E7AB00273143 /* NSManagedObject+MagicalRequests.h */,
				9F9D505616C4E7AB00273143 /* NSManagedObject+MagicalRequests.m */,
			);
			path = NSManagedObject;
			sourceTree = "<group>";
		};
		9F9D505716C4E7AB00273143 /* NSManagedObjectContext */ = {
			isa = PBXGroup;
			children = (
				9F9D505816C4E7AB00273143 /* NSManagedObjectContext+MagicalObserving.h */,
				9F9D505916C4E7AB00273143 /* NSManagedObjectContext+MagicalObserving.m */,
				9F9D505A16C4E7AB00273143 /* NSManagedObjectContext+MagicalRecord.h */,
				9F9D505B16C4E7AB00273143 /* NSManagedObjectContext+MagicalRecord.m */,
				9F9D505C16C4E7AB00273143 /* NSManagedObjectContext+MagicalSaves.h */,
				9F9D505D16C4E7AB00273143 /* NSManagedObjectContext+MagicalSaves.m */,
				9F9D505E16C4E7AB00273143 /* NSManagedObjectContext+MagicalThreading.h */,
				9F9D505F16C4E7AB00273143 /* NSManagedObjectContext+MagicalThreading.m */,
			);
			path = NSManagedObjectContext;
			sourceTree = "<group>";
		};
		9F9D506616C4E7AB00273143 /* Core */ = {
			isa = PBXGroup;
			children = (
				9F9D506716C4E7AB00273143 /* MagicalRecord+Actions.h */,
				9F9D506816C4E7AB00273143 /* MagicalRecord+Actions.m */,
				9F9D506916C4E7AB00273143 /* MagicalRecord+ErrorHandling.h */,
				9F9D506A16C4E7AC00273143 /* MagicalRecord+ErrorHandling.m */,
				9F9D506B16C4E7AC00273143 /* MagicalRecord+iCloud.h */,
				9F9D506C16C4E7AC00273143 /* MagicalRecord+iCloud.m */,
				9F9D506D16C4E7AC00273143 /* MagicalRecord+Options.h */,
				9F9D506E16C4E7AC00273143 /* MagicalRecord+Options.m */,
				9F9D506F16C4E7AC00273143 /* MagicalRecord+Setup.h */,
				9F9D507016C4E7AC00273143 /* MagicalRecord+Setup.m */,
				9F9D507116C4E7AC00273143 /* MagicalRecord+ShorthandSupport.h */,
				9F9D507216C4E7AC00273143 /* MagicalRecord+ShorthandSupport.m */,
				9F9D507316C4E7AC00273143 /* MagicalRecord.h */,
				9F9D507416C4E7AC00273143 /* MagicalRecord.m */,
				9F9D507516C4E7AC00273143 /* MagicalRecordShorthand.h */,
			);
			path = Core;
			sourceTree = "<group>";
		};
		9F9D77A116C35A8D001F9FD0 = {
			isa = PBXGroup;
			children = (
				CD92453116E18C5300277A17 /* cell */,
				CD2AA0B516CA7E5600E6D8B3 /* CurrencyViewController.h */,
				CD2AA0B616CA7E5600E6D8B3 /* CurrencyViewController.m */,
				CD6CB2DA16C921D700A53219 /* CurrencyManager.h */,
				CD6CB2DB16C921D800A53219 /* CurrencyManager.m */,
				CD6CB2C116C8AF3200A53219 /* image */,
				CD6CB2BC16C8A83000A53219 /* WebBrowser.h */,
				CD6CB2BD16C8A83100A53219 /* WebBrowser.m */,
				CD6CB2BE16C8A83100A53219 /* WebBrowser.xib */,
				CD6CB29016C7DB1900A53219 /* SDNestedTable */,
				9F9D503B16C4E7AB00273143 /* MagicalRecord */,
				9F9D77F516C3A52F001F9FD0 /* RecordManager.h */,
				9F9D77F616C3A52F001F9FD0 /* RecordManager.m */,
				9FA89EF416DDCBD00042C505 /* ReviewManager.h */,
				9FA89EF516DDCBD00042C505 /* ReviewManager.m */,
				9F9D77E916C38BE3001F9FD0 /* Sale.xcdatamodeld */,
				9FA89EEE16DDAEFB0042C505 /* Comment.h */,
				9FA89EEF16DDAEFB0042C505 /* Comment.m */,
				9F9D77EF16C38E4E001F9FD0 /* Record.h */,
				9F9D77F016C38E4E001F9FD0 /* Record.m */,
				9F9D77B316C35A8D001F9FD0 /* Store */,
				9F9D77AC16C35A8D001F9FD0 /* Frameworks */,
				9F9D77AB16C35A8D001F9FD0 /* Products */,
			);
			sourceTree = "<group>";
		};
		9F9D77AB16C35A8D001F9FD0 /* Products */ = {
			isa = PBXGroup;
			children = (
				9F9D77AA16C35A8D001F9FD0 /* Store.app */,
			);
			name = Products;
			sourceTree = "<group>";
		};
		9F9D77AC16C35A8D001F9FD0 /* Frameworks */ = {
			isa = PBXGroup;
			children = (
				9F9D77E716C3671A001F9FD0 /* CoreData.framework */,
				9F9D77AD16C35A8D001F9FD0 /* UIKit.framework */,
				9F9D77AF16C35A8D001F9FD0 /* Foundation.framework */,
				9F9D77B116C35A8D001F9FD0 /* CoreGraphics.framework */,
			);
			name = Frameworks;
			sourceTree = "<group>";
		};
		9F9D77B316C35A8D001F9FD0 /* Store */ = {
			isa = PBXGroup;
			children = (
				CD6CB2B716C8925600A53219 /* utility */,
				CD6CB2B616C890D200A53219 /* model */,
				9F9D77BC16C35A8D001F9FD0 /* AppDelegate.h */,
				9F9D77BD16C35A8D001F9FD0 /* AppDelegate.m */,
				9FA89EF116DDB0030042C505 /* ReviewViewController.h */,
				9FA89EF216DDB0030042C505 /* ReviewViewController.m */,
				9FA89EF916DDF77D0042C505 /* DetailCommentViewController.h */,
				9FA89EFA16DDF77D0042C505 /* DetailCommentViewController.m */,
				9F9D77DE16C35F64001F9FD0 /* SalesViewController.h */,
				9F9D77DF16C35F64001F9FD0 /* SalesViewController.m */,
				CD90B8E216C5FEA000A4F218 /* DailyViewController.h */,
				CD90B8E316C5FEA000A4F218 /* DailyViewController.m */,
				9F9D77B416C35A8D001F9FD0 /* Supporting Files */,
			);
			path = Store;
			sourceTree = "<group>";
		};
		9F9D77B416C35A8D001F9FD0 /* Supporting Files */ = {
			isa = PBXGroup;
			children = (
				CD5230F616C7455C004ECCC8 /* country_names.plist */,
				9F9D77B516C35A8D001F9FD0 /* Store-Info.plist */,
				9F9D77B616C35A8D001F9FD0 /* InfoPlist.strings */,
				9F9D77B916C35A8D001F9FD0 /* main.m */,
				9F9D77BB16C35A8D001F9FD0 /* Store-Prefix.pch */,
				9F9D77BF16C35A8D001F9FD0 /* Default.png */,
				9F9D77C116C35A8D001F9FD0 /* Default@2x.png */,
				9F9D77C316C35A8D001F9FD0 /* Default-568h@2x.png */,
			);
			name = "Supporting Files";
			sourceTree = "<group>";
		};
		CD6CB29016C7DB1900A53219 /* SDNestedTable */ = {
			isa = PBXGroup;
			children = (
				CD6CB2A316C7E0A700A53219 /* Default Images */,
				CD6CB29116C7DB1900A53219 /* SDGroupCell.h */,
				CD6CB29216C7DB1900A53219 /* SDGroupCell.m */,
				CD6CB29316C7DB1900A53219 /* SDGroupCell.xib */,
				CD6CB29416C7DB1900A53219 /* SDNestedTableView.xib */,
				CD6CB29516C7DB1900A53219 /* SDNestedTableViewController.h */,
				CD6CB29616C7DB1900A53219 /* SDNestedTableViewController.m */,
				CD6CB29716C7DB1900A53219 /* SDSelectableCell.h */,
				CD6CB29816C7DB1900A53219 /* SDSelectableCell.m */,
				CD6CB29916C7DB1900A53219 /* SDSubCell.h */,
				CD6CB29A16C7DB1900A53219 /* SDSubCell.m */,
				CD6CB29B16C7DB1900A53219 /* SDSubCell.xib */,
			);
			path = SDNestedTable;
			sourceTree = "<group>";
		};
		CD6CB2A316C7E0A700A53219 /* Default Images */ = {
			isa = PBXGroup;
			children = (
				CD6CB2A416C7E0A700A53219 /* blueLedBig.png */,
				CD6CB2A516C7E0A700A53219 /* blueLedBig@2x.png */,
				CD6CB2A616C7E0A700A53219 /* blueLedBigOff.png */,
				CD6CB2A716C7E0A700A53219 /* blueLedSmall.png */,
				CD6CB2A816C7E0A700A53219 /* blueLedSmall@2x.png */,
				CD6CB2A916C7E0A700A53219 /* blueLedSmallOff.png */,
				CD6CB2AA16C7E0A700A53219 /* blueLedSmallOff@2x.png */,
				CD6CB2AB16C7E0A700A53219 /* disclosure.png */,
				CD6CB2AC16C7E0A700A53219 /* disclosure@2x.png */,
			);
			path = "Default Images";
			sourceTree = "<group>";
		};
		CD6CB2B616C890D200A53219 /* model */ = {
			isa = PBXGroup;
			children = (
				CD90B8E516C6337900A4F218 /* Query.h */,
				CD90B8E616C6337900A4F218 /* Query.m */,
				CD5230F816C7C3E7004ECCC8 /* SaleCount.h */,
				CD5230F916C7C3E7004ECCC8 /* SaleCount.m */,
			);
			name = model;
			path = ..;
			sourceTree = "<group>";
		};
		CD6CB2B716C8925600A53219 /* utility */ = {
			isa = PBXGroup;
			children = (
				CD96CDDF16D070C4001EC47A /* MBProgressHUD.h */,
				CD96CDE016D070C4001EC47A /* MBProgressHUD.m */,
				CD92453416E1FBD000277A17 /* GTMNSString+HTML.h */,
				CD92453516E1FBD000277A17 /* GTMNSString+HTML.m */,
				CD6CB2D716C8D75900A53219 /* NSString+url.h */,
				CD6CB2D816C8D75A00A53219 /* NSString+url.m */,
				CD6CB2B816C8926B00A53219 /* Util.h */,
				CD6CB2B916C8926C00A53219 /* Util.m */,
				CD6CB2D416C8D55800A53219 /* Path.h */,
				CD6CB2D516C8D55800A53219 /* Path.m */,
			);
			name = utility;
			sourceTree = "<group>";
		};
		CD6CB2C116C8AF3200A53219 /* image */ = {
			isa = PBXGroup;
			children = (
				CD1ECD3316DE4763002687D6 /* comment@2x.png */,
				CD6CB2D216C8CCE100A53219 /* computer@2x.png */,
				CD6CB2D016C8CBC300A53219 /* sale@2x.png */,
				CD6CB2CE16C8CAFB00A53219 /* web@2x.png */,
				CD6CB2CA16C8C98200A53219 /* home.png */,
				CD6CB2CB16C8C98200A53219 /* home@2x.png */,
				CD6CB2C216C8AF3B00A53219 /* back.png */,
				CD6CB2C316C8AF3B00A53219 /* back@2x.png */,
				CD6CB2C416C8AF3B00A53219 /* forward.png */,
				CD6CB2C516C8AF3B00A53219 /* forward@2x.png */,
			);
			name = image;
			sourceTree = "<group>";
		};
		CD92453116E18C5300277A17 /* cell */ = {
			isa = PBXGroup;
			children = (
				CD92452E16E18C4A00277A17 /* ReviewCell.h */,
				CD92452F16E18C4A00277A17 /* ReviewCell.m */,
				CD92453216E18D3000277A17 /* ReviewCell.xib */,
			);
			name = cell;
			sourceTree = "<group>";
		};
/* End PBXGroup section */

/* Begin PBXNativeTarget section */
		9F9D77A916C35A8D001F9FD0 /* Store */ = {
			isa = PBXNativeTarget;
			buildConfigurationList = 9F9D77DB16C35A8D001F9FD0 /* Build configuration list for PBXNativeTarget "Store" */;
			buildPhases = (
				9F9D77A616C35A8D001F9FD0 /* Sources */,
				9F9D77A716C35A8D001F9FD0 /* Frameworks */,
				9F9D77A816C35A8D001F9FD0 /* Resources */,
			);
			buildRules = (
			);
			dependencies = (
			);
			name = Store;
			productName = Store;
			productReference = 9F9D77AA16C35A8D001F9FD0 /* Store.app */;
			productType = "com.apple.product-type.application";
		};
/* End PBXNativeTarget section */

/* Begin PBXProject section */
		9F9D77A216C35A8D001F9FD0 /* Project object */ = {
			isa = PBXProject;
			attributes = {
				LastUpgradeCheck = 0460;
				ORGANIZATIONNAME = "鄒 西中";
			};
			buildConfigurationList = 9F9D77A516C35A8D001F9FD0 /* Build configuration list for PBXProject "Store" */;
			compatibilityVersion = "Xcode 3.2";
			developmentRegion = English;
			hasScannedForEncodings = 0;
			knownRegions = (
				en,
			);
			mainGroup = 9F9D77A116C35A8D001F9FD0;
			productRefGroup = 9F9D77AB16C35A8D001F9FD0 /* Products */;
			projectDirPath = "";
			projectRoot = "";
			targets = (
				9F9D77A916C35A8D001F9FD0 /* Store */,
			);
		};
/* End PBXProject section */

/* Begin PBXResourcesBuildPhase section */
		9F9D77A816C35A8D001F9FD0 /* Resources */ = {
			isa = PBXResourcesBuildPhase;
			buildActionMask = 2147483647;
			files = (
				9F9D77B816C35A8D001F9FD0 /* InfoPlist.strings in Resources */,
				9F9D77C016C35A8D001F9FD0 /* Default.png in Resources */,
				9F9D77C216C35A8D001F9FD0 /* Default@2x.png in Resources */,
				9F9D77C416C35A8D001F9FD0 /* Default-568h@2x.png in Resources */,
				CD5230F716C7455C004ECCC8 /* country_names.plist in Resources */,
				CD6CB29D16C7DB1900A53219 /* SDGroupCell.xib in Resources */,
				CD6CB29E16C7DB1900A53219 /* SDNestedTableView.xib in Resources */,
				CD6CB2A216C7DB1900A53219 /* SDSubCell.xib in Resources */,
				CD6CB2AD16C7E0A700A53219 /* blueLedBig.png in Resources */,
				CD6CB2AE16C7E0A700A53219 /* blueLedBig@2x.png in Resources */,
				CD6CB2AF16C7E0A700A53219 /* blueLedBigOff.png in Resources */,
				CD6CB2B016C7E0A700A53219 /* blueLedSmall.png in Resources */,
				CD6CB2B116C7E0A700A53219 /* blueLedSmall@2x.png in Resources */,
				CD6CB2B216C7E0A700A53219 /* blueLedSmallOff.png in Resources */,
				CD6CB2B316C7E0A700A53219 /* blueLedSmallOff@2x.png in Resources */,
				CD6CB2B416C7E0A700A53219 /* disclosure.png in Resources */,
				CD6CB2B516C7E0A700A53219 /* disclosure@2x.png in Resources */,
				CD6CB2C016C8A83200A53219 /* WebBrowser.xib in Resources */,
				CD6CB2C616C8AF3B00A53219 /* back.png in Resources */,
				CD6CB2C716C8AF3B00A53219 /* back@2x.png in Resources */,
				CD6CB2C816C8AF3B00A53219 /* forward.png in Resources */,
				CD6CB2C916C8AF3B00A53219 /* forward@2x.png in Resources */,
				CD6CB2CC16C8C98200A53219 /* home.png in Resources */,
				CD6CB2CD16C8C98200A53219 /* home@2x.png in Resources */,
				CD6CB2CF16C8CAFB00A53219 /* web@2x.png in Resources */,
				CD6CB2D116C8CBC300A53219 /* sale@2x.png in Resources */,
				CD6CB2D316C8CCE100A53219 /* computer@2x.png in Resources */,
				CD1ECD3416DE4763002687D6 /* comment@2x.png in Resources */,
				CD92453316E18D3000277A17 /* ReviewCell.xib in Resources */,
			);
			runOnlyForDeploymentPostprocessing = 0;
		};
/* End PBXResourcesBuildPhase section */

/* Begin PBXSourcesBuildPhase section */
		9F9D77A616C35A8D001F9FD0 /* Sources */ = {
			isa = PBXSourcesBuildPhase;
			buildActionMask = 2147483647;
			files = (
				9F9D77BA16C35A8D001F9FD0 /* main.m in Sources */,
				9F9D77BE16C35A8D001F9FD0 /* AppDelegate.m in Sources */,
				9F9D77E016C35F64001F9FD0 /* SalesViewController.m in Sources */,
				9F9D77EB16C38BE3001F9FD0 /* Sale.xcdatamodeld in Sources */,
				9F9D77F116C38E4E001F9FD0 /* Record.m in Sources */,
				9F9D77F716C3A52F001F9FD0 /* RecordManager.m in Sources */,
				9F9D507716C4E7AC00273143 /* MagicalImportFunctions.m in Sources */,
				9F9D507816C4E7AC00273143 /* NSAttributeDescription+MagicalDataImport.m in Sources */,
				9F9D507916C4E7AC00273143 /* NSEntityDescription+MagicalDataImport.m in Sources */,
				9F9D507A16C4E7AC00273143 /* NSNumber+MagicalDataImport.m in Sources */,
				9F9D507B16C4E7AC00273143 /* NSObject+MagicalDataImport.m in Sources */,
				9F9D507C16C4E7AC00273143 /* NSRelationshipDescription+MagicalDataImport.m in Sources */,
				9F9D507D16C4E7AC00273143 /* NSString+MagicalDataImport.m in Sources */,
				9F9D507E16C4E7AC00273143 /* NSManagedObject+MagicalAggregation.m in Sources */,
				9F9D507F16C4E7AC00273143 /* NSManagedObject+MagicalDataImport.m in Sources */,
				9F9D508016C4E7AC00273143 /* NSManagedObject+MagicalFinders.m in Sources */,
				9F9D508116C4E7AC00273143 /* NSManagedObject+MagicalRecord.m in Sources */,
				9F9D508216C4E7AC00273143 /* NSManagedObject+MagicalRequests.m in Sources */,
				9F9D508316C4E7AC00273143 /* NSManagedObjectContext+MagicalObserving.m in Sources */,
				9F9D508416C4E7AC00273143 /* NSManagedObjectContext+MagicalRecord.m in Sources */,
				9F9D508516C4E7AC00273143 /* NSManagedObjectContext+MagicalSaves.m in Sources */,
				9F9D508616C4E7AC00273143 /* NSManagedObjectContext+MagicalThreading.m in Sources */,
				9F9D508716C4E7AC00273143 /* NSManagedObjectModel+MagicalRecord.m in Sources */,
				9F9D508816C4E7AC00273143 /* NSPersistentStore+MagicalRecord.m in Sources */,
				9F9D508916C4E7AC00273143 /* NSPersistentStoreCoordinator+MagicalRecord.m in Sources */,
				9F9D508A16C4E7AC00273143 /* MagicalRecord+Actions.m in Sources */,
				9F9D508B16C4E7AC00273143 /* MagicalRecord+ErrorHandling.m in Sources */,
				9F9D508C16C4E7AC00273143 /* MagicalRecord+iCloud.m in Sources */,
				9F9D508D16C4E7AC00273143 /* MagicalRecord+Options.m in Sources */,
				9F9D508E16C4E7AC00273143 /* MagicalRecord+Setup.m in Sources */,
				9F9D508F16C4E7AC00273143 /* MagicalRecord+ShorthandSupport.m in Sources */,
				9F9D509016C4E7AC00273143 /* MagicalRecord.m in Sources */,
				CD90B8E416C5FEA000A4F218 /* DailyViewController.m in Sources */,
				CD90B8E716C6337900A4F218 /* Query.m in Sources */,
				CD5230FA16C7C3E7004ECCC8 /* SaleCount.m in Sources */,
				CD6CB29C16C7DB1900A53219 /* SDGroupCell.m in Sources */,
				CD6CB29F16C7DB1900A53219 /* SDNestedTableViewController.m in Sources */,
				CD6CB2A016C7DB1900A53219 /* SDSelectableCell.m in Sources */,
				CD6CB2A116C7DB1900A53219 /* SDSubCell.m in Sources */,
				CD6CB2BA16C8926C00A53219 /* Util.m in Sources */,
				CD6CB2BF16C8A83200A53219 /* WebBrowser.m in Sources */,
				CD6CB2D616C8D55800A53219 /* Path.m in Sources */,
				CD6CB2D916C8D75A00A53219 /* NSString+url.m in Sources */,
				CD6CB2DC16C921D900A53219 /* CurrencyManager.m in Sources */,
				CD2AA0B716CA7E5600E6D8B3 /* CurrencyViewController.m in Sources */,
				CD96CDE116D070C4001EC47A /* MBProgressHUD.m in Sources */,
				9FA89EF016DDAEFB0042C505 /* Comment.m in Sources */,
				9FA89EF316DDB0030042C505 /* ReviewViewController.m in Sources */,
				9FA89EF616DDCBD00042C505 /* ReviewManager.m in Sources */,
				9FA89EFB16DDF77D0042C505 /* DetailCommentViewController.m in Sources */,
				CD92453016E18C4A00277A17 /* ReviewCell.m in Sources */,
				CD92453616E1FBD000277A17 /* GTMNSString+HTML.m in Sources */,
			);
			runOnlyForDeploymentPostprocessing = 0;
		};
/* End PBXSourcesBuildPhase section */

/* Begin PBXVariantGroup section */
		9F9D77B616C35A8D001F9FD0 /* InfoPlist.strings */ = {
			isa = PBXVariantGroup;
			children = (
				9F9D77B716C35A8D001F9FD0 /* en */,
			);
			name = InfoPlist.strings;
			sourceTree = "<group>";
		};
/* End PBXVariantGroup section */

/* Begin XCBuildConfiguration section */
		9F9D77D916C35A8D001F9FD0 /* Debug */ = {
			isa = XCBuildConfiguration;
			buildSettings = {
				ALWAYS_SEARCH_USER_PATHS = NO;
				CLANG_CXX_LANGUAGE_STANDARD = "gnu++0x";
				CLANG_CXX_LIBRARY = "libc++";
				CLANG_ENABLE_OBJC_ARC = YES;
				CLANG_WARN_CONSTANT_CONVERSION = YES;
				CLANG_WARN_EMPTY_BODY = YES;
				CLANG_WARN_ENUM_CONVERSION = YES;
				CLANG_WARN_INT_CONVERSION = YES;
				CLANG_WARN__DUPLICATE_METHOD_MATCH = YES;
				"CODE_SIGN_IDENTITY[sdk=iphoneos*]" = "iPhone Developer";
				COPY_PHASE_STRIP = NO;
				GCC_C_LANGUAGE_STANDARD = gnu99;
				GCC_DYNAMIC_NO_PIC = NO;
				GCC_OPTIMIZATION_LEVEL = 0;
				GCC_PREPROCESSOR_DEFINITIONS = (
					"DEBUG=1",
					"$(inherited)",
				);
				GCC_SYMBOLS_PRIVATE_EXTERN = NO;
				GCC_WARN_ABOUT_RETURN_TYPE = YES;
				GCC_WARN_UNINITIALIZED_AUTOS = YES;
				GCC_WARN_UNUSED_VARIABLE = YES;
				IPHONEOS_DEPLOYMENT_TARGET = 6.1;
				ONLY_ACTIVE_ARCH = YES;
				SDKROOT = iphoneos;
			};
			name = Debug;
		};
		9F9D77DA16C35A8D001F9FD0 /* Release */ = {
			isa = XCBuildConfiguration;
			buildSettings = {
				ALWAYS_SEARCH_USER_PATHS = NO;
				CLANG_CXX_LANGUAGE_STANDARD = "gnu++0x";
				CLANG_CXX_LIBRARY = "libc++";
				CLANG_ENABLE_OBJC_ARC = YES;
				CLANG_WARN_CONSTANT_CONVERSION = YES;
				CLANG_WARN_EMPTY_BODY = YES;
				CLANG_WARN_ENUM_CONVERSION = YES;
				CLANG_WARN_INT_CONVERSION = YES;
				CLANG_WARN__DUPLICATE_METHOD_MATCH = YES;
				"CODE_SIGN_IDENTITY[sdk=iphoneos*]" = "iPhone Developer";
				COPY_PHASE_STRIP = YES;
				GCC_C_LANGUAGE_STANDARD = gnu99;
				GCC_WARN_ABOUT_RETURN_TYPE = YES;
				GCC_WARN_UNINITIALIZED_AUTOS = YES;
				GCC_WARN_UNUSED_VARIABLE = YES;
				IPHONEOS_DEPLOYMENT_TARGET = 6.1;
				OTHER_CFLAGS = "-DNS_BLOCK_ASSERTIONS=1";
				SDKROOT = iphoneos;
				VALIDATE_PRODUCT = YES;
			};
			name = Release;
		};
		9F9D77DC16C35A8D001F9FD0 /* Debug */ = {
			isa = XCBuildConfiguration;
			buildSettings = {
				GCC_PRECOMPILE_PREFIX_HEADER = YES;
				GCC_PREFIX_HEADER = "Store/Store-Prefix.pch";
				INFOPLIST_FILE = "Store/Store-Info.plist";
				IPHONEOS_DEPLOYMENT_TARGET = 6.0;
				PRODUCT_NAME = "$(TARGET_NAME)";
				WRAPPER_EXTENSION = app;
			};
			name = Debug;
		};
		9F9D77DD16C35A8D001F9FD0 /* Release */ = {
			isa = XCBuildConfiguration;
			buildSettings = {
				GCC_PRECOMPILE_PREFIX_HEADER = YES;
				GCC_PREFIX_HEADER = "Store/Store-Prefix.pch";
				INFOPLIST_FILE = "Store/Store-Info.plist";
				IPHONEOS_DEPLOYMENT_TARGET = 6.0;
				PRODUCT_NAME = "$(TARGET_NAME)";
				WRAPPER_EXTENSION = app;
			};
			name = Release;
		};
/* End XCBuildConfiguration section */

/* Begin XCConfigurationList section */
		9F9D77A516C35A8D001F9FD0 /* Build configuration list for PBXProject "Store" */ = {
			isa = XCConfigurationList;
			buildConfigurations = (
				9F9D77D916C35A8D001F9FD0 /* Debug */,
				9F9D77DA16C35A8D001F9FD0 /* Release */,
			);
			defaultConfigurationIsVisible = 0;
			defaultConfigurationName = Release;
		};
		9F9D77DB16C35A8D001F9FD0 /* Build configuration list for PBXNativeTarget "Store" */ = {
			isa = XCConfigurationList;
			buildConfigurations = (
				9F9D77DC16C35A8D001F9FD0 /* Debug */,
				9F9D77DD16C35A8D001F9FD0 /* Release */,
			);
			defaultConfigurationIsVisible = 0;
			defaultConfigurationName = Release;
		};
/* End XCConfigurationList section */

/* Begin XCVersionGroup section */
		9F9D77E916C38BE3001F9FD0 /* Sale.xcdatamodeld */ = {
			isa = XCVersionGroup;
			children = (
				9F9D77EA16C38BE3001F9FD0 /* Sale.xcdatamodel */,
			);
			currentVersion = 9F9D77EA16C38BE3001F9FD0 /* Sale.xcdatamodel */;
			path = Sale.xcdatamodeld;
			sourceTree = "<group>";
			versionGroupType = wrapper.xcdatamodel;
		};
/* End XCVersionGroup section */
	};
	rootObject = 9F9D77A216C35A8D001F9FD0 /* Project object */;
}
